
Microsoft Visual Studio Solution File, Format Version 12.00
# Visual Studio Version 17
VisualStudioVersion = 17.2.32505.173
MinimumVisualStudioVersion = 10.0.40219.1
Project("{FAE04EC0-301F-11D3-BF4B-00C04F79EFBC}") = "UserRegistrationASP", "UserRegistrationASP\UserRegistrationASP.csproj", "{F8C23658-5068-4A1B-9C79-96ECAC9940AC}"
EndProject
Global
	GlobalSection(SolutionConfigurationPlatforms) = preSolution
		Debug|Any CPU = Debug|Any CPU
		Release|Any CPU = Release|Any CPU
	EndGlobalSection
	GlobalSection(ProjectConfigurationPlatforms) = postSolution
		{F8C23658-5068-4A1B-9C79-96ECAC9940AC}.Debug|Any CPU.ActiveCfg = Debug|Any CPU
		{F8C23658-5068-4A1B-9C79-96ECAC9940AC}.Debug|Any CPU.Build.0 = Debug|Any CPU
		{F8C23658-5068-4A1B-9C79-96ECAC9940AC}.Release|Any CPU.ActiveCfg = Release|Any CPU
		{F8C23658-5068-4A1B-9C79-96ECAC9940AC}.Release|Any CPU.Build.0 = Release|Any CPU
	EndGlobalSection
	GlobalSection(SolutionProperties) = preSolution
		HideSolutionNode = FALSE
	EndGlobalSection
	GlobalSection(ExtensibilityGlobals) = postSolution
		SolutionGuid = {E50F9B5F-13A4-4AF3-B624-8AC93730D1FE}
	EndGlobalSection
EndGlobal
